// !$*UTF8*$!
{
	archiveVersion = 1;
	classes = {
	};
	objectVersion = 50;
	objects = {

/* Begin PBXBuildFile section */
		62FFC952260EF007001B0588 /* AppDelegate.swift in Sources */ = {isa = PBXBuildFile; fileRef = 62FFC951260EF007001B0588 /* AppDelegate.swift */; };
		62FFC954260EF007001B0588 /* SceneDelegate.swift in Sources */ = {isa = PBXBuildFile; fileRef = 62FFC953260EF007001B0588 /* SceneDelegate.swift */; };
		62FFC956260EF007001B0588 /* ViewController.swift in Sources */ = {isa = PBXBuildFile; fileRef = 62FFC955260EF007001B0588 /* ViewController.swift */; };
		62FFC959260EF007001B0588 /* Main.storyboard in Resources */ = {isa = PBXBuildFile; fileRef = 62FFC957260EF007001B0588 /* Main.storyboard */; };
		62FFC95B260EF008001B0588 /* Assets.xcassets in Resources */ = {isa = PBXBuildFile; fileRef = 62FFC95A260EF008001B0588 /* Assets.xcassets */; };
		62FFC95E260EF008001B0588 /* LaunchScreen.storyboard in Resources */ = {isa = PBXBuildFile; fileRef = 62FFC95C260EF008001B0588 /* LaunchScreen.storyboard */; };
		62FFC969260EF008001B0588 /* BancaViperTests.swift in Sources */ = {isa = PBXBuildFile; fileRef = 62FFC968260EF008001B0588 /* BancaViperTests.swift */; };
		62FFC974260EF008001B0588 /* BancaViperUITests.swift in Sources */ = {isa = PBXBuildFile; fileRef = 62FFC973260EF008001B0588 /* BancaViperUITests.swift */; };
/* End PBXBuildFile section */

/* Begin PBXContainerItemProxy section */
		62FFC965260EF008001B0588 /* PBXContainerItemProxy */ = {
			isa = PBXContainerItemProxy;
			containerPortal = 62FFC946260EF007001B0588 /* Project object */;
			proxyType = 1;
			remoteGlobalIDString = 62FFC94D260EF007001B0588;
			remoteInfo = BancaViper;
		};
		62FFC970260EF008001B0588 /* PBXContainerItemProxy */ = {
			isa = PBXContainerItemProxy;
			containerPortal = 62FFC946260EF007001B0588 /* Project object */;
			proxyType = 1;
			remoteGlobalIDString = 62FFC94D260EF007001B0588;
			remoteInfo = BancaViper;
		};
/* End PBXContainerItemProxy section */

/* Begin PBXFileReference section */
		62FFC94E260EF007001B0588 /* BancaViper.app */ = {isa = PBXFileReference; explicitFileType = wrapper.application; includeInIndex = 0; path = BancaViper.app; sourceTree = BUILT_PRODUCTS_DIR; };
		62FFC951260EF007001B0588 /* AppDelegate.swift */ = {isa = PBXFileReference; lastKnownFileType = sourcecode.swift; path = AppDelegate.swift; sourceTree = "<group>"; };
		62FFC953260EF007001B0588 /* SceneDelegate.swift */ = {isa = PBXFileReference; lastKnownFileType = sourcecode.swift; path = SceneDelegate.swift; sourceTree = "<group>"; };
		62FFC955260EF007001B0588 /* ViewController.swift */ = {isa = PBXFileReference; lastKnownFileType = sourcecode.swift; path = ViewController.swift; sourceTree = "<group>"; };
		62FFC958260EF007001B0588 /* Base */ = {isa = PBXFileReference; lastKnownFileType = file.storyboard; name = Base; path = Base.lproj/Main.storyboard; sourceTree = "<group>"; };
		62FFC95A260EF008001B0588 /* Assets.xcassets */ = {isa = PBXFileReference; lastKnownFileType = folder.assetcatalog; path = Assets.xcassets; sourceTree = "<group>"; };
		62FFC95D260EF008001B0588 /* Base */ = {isa = PBXFileReference; lastKnownFileType = file.storyboard; name = Base; path = Base.lproj/LaunchScreen.storyboard; sourceTree = "<group>"; };
		62FFC95F260EF008001B0588 /* Info.plist */ = {isa = PBXFileReference; lastKnownFileType = text.plist.xml; path = Info.plist; sourceTree = "<group>"; };
		62FFC964260EF008001B0588 /* BancaViperTests.xctest */ = {isa = PBXFileReference; explicitFileType = wrapper.cfbundle; includeInIndex = 0; path = BancaViperTests.xctest; sourceTree = BUILT_PRODUCTS_DIR; };
		62FFC968260EF008001B0588 /* BancaViperTests.swift */ = {isa = PBXFileReference; lastKnownFileType = sourcecode.swift; path = BancaViperTests.swift; sourceTree = "<group>"; };
		62FFC96A260EF008001B0588 /* Info.plist */ = {isa = PBXFileReference; lastKnownFileType = text.plist.xml; path = Info.plist; sourceTree = "<group>"; };
		62FFC96F260EF008001B0588 /* BancaViperUITests.xctest */ = {isa = PBXFileReference; explicitFileType = wrapper.cfbundle; includeInIndex = 0; path = BancaViperUITests.xctest; sourceTree = BUILT_PRODUCTS_DIR; };
		62FFC973260EF008001B0588 /* BancaViperUITests.swift */ = {isa = PBXFileReference; lastKnownFileType = sourcecode.swift; path = BancaViperUITests.swift; sourceTree = "<group>"; };
		62FFC975260EF008001B0588 /* Info.plist */ = {isa = PBXFileReference; lastKnownFileType = text.plist.xml; path = Info.plist; sourceTree = "<group>"; };
/* End PBXFileReference section */

/* Begin PBXFrameworksBuildPhase section */
		62FFC94B260EF007001B0588 /* Frameworks */ = {
			isa = PBXFrameworksBuildPhase;
			buildActionMask = 2147483647;
			files = (
			);
			runOnlyForDeploymentPostprocessing = 0;
		};
		62FFC961260EF008001B0588 /* Frameworks */ = {
			isa = PBXFrameworksBuildPhase;
			buildActionMask = 2147483647;
			files = (
			);
			runOnlyForDeploymentPostprocessing = 0;
		};
		62FFC96C260EF008001B0588 /* Frameworks */ = {
			isa = PBXFrameworksBuildPhase;
			buildActionMask = 2147483647;
			files = (
			);
			runOnlyForDeploymentPostprocessing = 0;
		};
/* End PBXFrameworksBuildPhase section */

/* Begin PBXGroup section */
		62FFC945260EF007001B0588 = {
			isa = PBXGroup;
			children = (
				62FFC950260EF007001B0588 /* BancaViper */,
				62FFC967260EF008001B0588 /* BancaViperTests */,
				62FFC972260EF008001B0588 /* BancaViperUITests */,
				62FFC94F260EF007001B0588 /* Products */,
			);
			sourceTree = "<group>";
		};
		62FFC94F260EF007001B0588 /* Products */ = {
			isa = PBXGroup;
			children = (
				62FFC94E260EF007001B0588 /* BancaViper.app */,
				62FFC964260EF008001B0588 /* BancaViperTests.xctest */,
				62FFC96F260EF008001B0588 /* BancaViperUITests.xctest */,
			);
			name = Products;
			sourceTree = "<group>";
		};
		62FFC950260EF007001B0588 /* BancaViper */ = {
			isa = PBXGroup;
			children = (
				62FFC951260EF007001B0588 /* AppDelegate.swift */,
				62FFC953260EF007001B0588 /* SceneDelegate.swift */,
				62FFC955260EF007001B0588 /* ViewController.swift */,
				62FFC957260EF007001B0588 /* Main.storyboard */,
				62FFC95A260EF008001B0588 /* Assets.xcassets */,
				62FFC95C260EF008001B0588 /* LaunchScreen.storyboard */,
				62FFC95F260EF008001B0588 /* Info.plist */,
			);
			path = BancaViper;
			sourceTree = "<group>";
		};
		62FFC967260EF008001B0588 /* BancaViperTests */ = {
			isa = PBXGroup;
			children = (
				62FFC968260EF008001B0588 /* BancaViperTests.swift */,
				62FFC96A260EF008001B0588 /* Info.plist */,
			);
			path = BancaViperTests;
			sourceTree = "<group>";
		};
		62FFC972260EF008001B0588 /* BancaViperUITests */ = {
			isa = PBXGroup;
			children = (
				62FFC973260EF008001B0588 /* BancaViperUITests.swift */,
				62FFC975260EF008001B0588 /* Info.plist */,
			);
			path = BancaViperUITests;
			sourceTree = "<group>";
		};
/* End PBXGroup section */

/* Begin PBXNativeTarget section */
		62FFC94D260EF007001B0588 /* BancaViper */ = {
			isa = PBXNativeTarget;
			buildConfigurationList = 62FFC978260EF008001B0588 /* Build configuration list for PBXNativeTarget "BancaViper" */;
			buildPhases = (
				62FFC94A260EF007001B0588 /* Sources */,
				62FFC94B260EF007001B0588 /* Frameworks */,
				62FFC94C260EF007001B0588 /* Resources */,
			);
			buildRules = (
			);
			dependencies = (
			);
			name = BancaViper;
			productName = BancaViper;
			productReference = 62FFC94E260EF007001B0588 /* BancaViper.app */;
			productType = "com.apple.product-type.application";
		};
		62FFC963260EF008001B0588 /* BancaViperTests */ = {
			isa = PBXNativeTarget;
			buildConfigurationList = 62FFC97B260EF008001B0588 /* Build configuration list for PBXNativeTarget "BancaViperTests" */;
			buildPhases = (
				62FFC960260EF008001B0588 /* Sources */,
				62FFC961260EF008001B0588 /* Frameworks */,
				62FFC962260EF008001B0588 /* Resources */,
			);
			buildRules = (
			);
			dependencies = (
				62FFC966260EF008001B0588 /* PBXTargetDependency */,
			);
			name = BancaViperTests;
			productName = BancaViperTests;
			productReference = 62FFC964260EF008001B0588 /* BancaViperTests.xctest */;
			productType = "com.apple.product-type.bundle.unit-test";
		};
		62FFC96E260EF008001B0588 /* BancaViperUITests */ = {
			isa = PBXNativeTarget;
			buildConfigurationList = 62FFC97E260EF008001B0588 /* Build configuration list for PBXNativeTarget "BancaViperUITests" */;
			buildPhases = (
				62FFC96B260EF008001B0588 /* Sources */,
				62FFC96C260EF008001B0588 /* Frameworks */,
				62FFC96D260EF008001B0588 /* Resources */,
			);
			buildRules = (
			);
			dependencies = (
				62FFC971260EF008001B0588 /* PBXTargetDependency */,
			);
			name = BancaViperUITests;
			productName = BancaViperUITests;
			productReference = 62FFC96F260EF008001B0588 /* BancaViperUITests.xctest */;
			productType = "com.apple.product-type.bundle.ui-testing";
		};
/* End PBXNativeTarget section */

/* Begin PBXProject section */
		62FFC946260EF007001B0588 /* Project object */ = {
			isa = PBXProject;
			attributes = {
				LastSwiftUpdateCheck = 1240;
				LastUpgradeCheck = 1240;
				TargetAttributes = {
					62FFC94D260EF007001B0588 = {
						CreatedOnToolsVersion = 12.4;
					};
					62FFC963260EF008001B0588 = {
						CreatedOnToolsVersion = 12.4;
						TestTargetID = 62FFC94D260EF007001B0588;
					};
					62FFC96E260EF008001B0588 = {
						CreatedOnToolsVersion = 12.4;
						TestTargetID = 62FFC94D260EF007001B0588;
					};
				};
			};
			buildConfigurationList = 62FFC949260EF007001B0588 /* Build configuration list for PBXProject "BancaViper" */;
			compatibilityVersion = "Xcode 9.3";
			developmentRegion = en;
			hasScannedForEncodings = 0;
			knownRegions = (
				en,
				Base,
			);
			mainGroup = 62FFC945260EF007001B0588;
			productRefGroup = 62FFC94F260EF007001B0588 /* Products */;
			projectDirPath = "";
			projectRoot = "";
			targets = (
				62FFC94D260EF007001B0588 /* BancaViper */,
				62FFC963260EF008001B0588 /* BancaViperTests */,
				62FFC96E260EF008001B0588 /* BancaViperUITests */,
			);
		};
/* End PBXProject section */

/* Begin PBXResourcesBuildPhase section */
		62FFC94C260EF007001B0588 /* Resources */ = {
			isa = PBXResourcesBuildPhase;
			buildActionMask = 2147483647;
			files = (
				62FFC95E260EF008001B0588 /* LaunchScreen.storyboard in Resources */,
				62FFC95B260EF008001B0588 /* Assets.xcassets in Resources */,
				62FFC959260EF007001B0588 /* Main.storyboard in Resources */,
			);
			runOnlyForDeploymentPostprocessing = 0;
		};
		62FFC962260EF008001B0588 /* Resources */ = {
			isa = PBXResourcesBuildPhase;
			buildActionMask = 2147483647;
			files = (
			);
			runOnlyForDeploymentPostprocessing = 0;
		};
		62FFC96D260EF008001B0588 /* Resources */ = {
			isa = PBXResourcesBuildPhase;
			buildActionMask = 2147483647;
			files = (
			);
			runOnlyForDeploymentPostprocessing = 0;
		};
/* End PBXResourcesBuildPhase section */

/* Begin PBXSourcesBuildPhase section */
		62FFC94A260EF007001B0588 /* Sources */ = {
			isa = PBXSourcesBuildPhase;
			buildActionMask = 2147483647;
			files = (
				62FFC956260EF007001B0588 /* ViewController.swift in Sources */,
				62FFC952260EF007001B0588 /* AppDelegate.swift in Sources */,
				62FFC954260EF007001B0588 /* SceneDelegate.swift in Sources */,
			);
			runOnlyForDeploymentPostprocessing = 0;
		};
		62FFC960260EF008001B0588 /* Sources */ = {
			isa = PBXSourcesBuildPhase;
			buildActionMask = 2147483647;
			files = (
				62FFC969260EF008001B0588 /* BancaViperTests.swift in Sources */,
			);
			runOnlyForDeploymentPostprocessing = 0;
		};
		62FFC96B260EF008001B0588 /* Sources */ = {
			isa = PBXSourcesBuildPhase;
			buildActionMask = 2147483647;
			files = (
				62FFC974260EF008001B0588 /* BancaViperUITests.swift in Sources */,
			);
			runOnlyForDeploymentPostprocessing = 0;
		};
/* End PBXSourcesBuildPhase section */

/* Begin PBXTargetDependency section */
		62FFC966260EF008001B0588 /* PBXTargetDependency */ = {
			isa = PBXTargetDependency;
			target = 62FFC94D260EF007001B0588 /* BancaViper */;
			targetProxy = 62FFC965260EF008001B0588 /* PBXContainerItemProxy */;
		};
		62FFC971260EF008001B0588 /* PBXTargetDependency */ = {
			isa = PBXTargetDependency;
			target = 62FFC94D260EF007001B0588 /* BancaViper */;
			targetProxy = 62FFC970260EF008001B0588 /* PBXContainerItemProxy */;
		};
/* End PBXTargetDependency section */

/* Begin PBXVariantGroup section */
		62FFC957260EF007001B0588 /* Main.storyboard */ = {
			isa = PBXVariantGroup;
			children = (
				62FFC958260EF007001B0588 /* Base */,
			);
			name = Main.storyboard;
			sourceTree = "<group>";
		};
		62FFC95C260EF008001B0588 /* LaunchScreen.storyboard */ = {
			isa = PBXVariantGroup;
			children = (
				62FFC95D260EF008001B0588 /* Base */,
			);
			name = LaunchScreen.storyboard;
			sourceTree = "<group>";
		};
/* End PBXVariantGroup section */

/* Begin XCBuildConfiguration section */
		62FFC976260EF008001B0588 /* Debug */ = {
			isa = XCBuildConfiguration;
			buildSettings = {
				ALWAYS_SEARCH_USER_PATHS = NO;
				CLANG_ANALYZER_NONNULL = YES;
				CLANG_ANALYZER_NUMBER_OBJECT_CONVERSION = YES_AGGRESSIVE;
				CLANG_CXX_LANGUAGE_STANDARD = "gnu++14";
				CLANG_CXX_LIBRARY = "libc++";
				CLANG_ENABLE_MODULES = YES;
				CLANG_ENABLE_OBJC_ARC = YES;
				CLANG_ENABLE_OBJC_WEAK = YES;
				CLANG_WARN_BLOCK_CAPTURE_AUTORELEASING = YES;
				CLANG_WARN_BOOL_CONVERSION = YES;
				CLANG_WARN_COMMA = YES;
				CLANG_WARN_CONSTANT_CONVERSION = YES;
				CLANG_WARN_DEPRECATED_OBJC_IMPLEMENTATIONS = YES;
				CLANG_WARN_DIRECT_OBJC_ISA_USAGE = YES_ERROR;
				CLANG_WARN_DOCUMENTATION_COMMENTS = YES;
				CLANG_WARN_EMPTY_BODY = YES;
				CLANG_WARN_ENUM_CONVERSION = YES;
				CLANG_WARN_INFINITE_RECURSION = YES;
				CLANG_WARN_INT_CONVERSION = YES;
				CLANG_WARN_NON_LITERAL_NULL_CONVERSION = YES;
				CLANG_WARN_OBJC_IMPLICIT_RETAIN_SELF = YES;
				CLANG_WARN_OBJC_LITERAL_CONVERSION = YES;
				CLANG_WARN_OBJC_ROOT_CLASS = YES_ERROR;
				CLANG_WARN_QUOTED_INCLUDE_IN_FRAMEWORK_HEADER = YES;
				CLANG_WARN_RANGE_LOOP_ANALYSIS = YES;
				CLANG_WARN_STRICT_PROTOTYPES = YES;
				CLANG_WARN_SUSPICIOUS_MOVE = YES;
				CLANG_WARN_UNGUARDED_AVAILABILITY = YES_AGGRESSIVE;
				CLANG_WARN_UNREACHABLE_CODE = YES;
				CLANG_WARN__DUPLICATE_METHOD_MATCH = YES;
				COPY_PHASE_STRIP = NO;
				DEBUG_INFORMATION_FORMAT = dwarf;
				ENABLE_STRICT_OBJC_MSGSEND = YES;
				ENABLE_TESTABILITY = YES;
				GCC_C_LANGUAGE_STANDARD = gnu11;
				GCC_DYNAMIC_NO_PIC = NO;
				GCC_NO_COMMON_BLOCKS = YES;
				GCC_OPTIMIZATION_LEVEL = 0;
				GCC_PREPROCESSOR_DEFINITIONS = (
					"DEBUG=1",
					"$(inherited)",
				);
				GCC_WARN_64_TO_32_BIT_CONVERSION = YES;
				GCC_WARN_ABOUT_RETURN_TYPE = YES_ERROR;
				GCC_WARN_UNDECLARED_SELECTOR = YES;
				GCC_WARN_UNINITIALIZED_AUTOS = YES_AGGRESSIVE;
				GCC_WARN_UNUSED_FUNCTION = YES;
				GCC_WARN_UNUSED_VARIABLE = YES;
				IPHONEOS_DEPLOYMENT_TARGET = 14.4;
				MTL_ENABLE_DEBUG_INFO = INCLUDE_SOURCE;
				MTL_FAST_MATH = YES;
				ONLY_ACTIVE_ARCH = YES;
				SDKROOT = iphoneos;
				SWIFT_ACTIVE_COMPILATION_CONDITIONS = DEBUG;
				SWIFT_OPTIMIZATION_LEVEL = "-Onone";
			};
			name = Debug;
		};
		62FFC977260EF008001B0588 /* Release */ = {
			isa = XCBuildConfiguration;
			buildSettings = {
				ALWAYS_SEARCH_USER_PATHS = NO;
				CLANG_ANALYZER_NONNULL = YES;
				CLANG_ANALYZER_NUMBER_OBJECT_CONVERSION = YES_AGGRESSIVE;
				CLANG_CXX_LANGUAGE_STANDARD = "gnu++14";
				CLANG_CXX_LIBRARY = "libc++";
				CLANG_ENABLE_MODULES = YES;
				CLANG_ENABLE_OBJC_ARC = YES;
				CLANG_ENABLE_OBJC_WEAK = YES;
				CLANG_WARN_BLOCK_CAPTURE_AUTORELEASING = YES;
				CLANG_WARN_BOOL_CONVERSION = YES;
				CLANG_WARN_COMMA = YES;
				CLANG_WARN_CONSTANT_CONVERSION = YES;
				CLANG_WARN_DEPRECATED_OBJC_IMPLEMENTATIONS = YES;
				CLANG_WARN_DIRECT_OBJC_ISA_USAGE = YES_ERROR;
				CLANG_WARN_DOCUMENTATION_COMMENTS = YES;
				CLANG_WARN_EMPTY_BODY = YES;
				CLANG_WARN_ENUM_CONVERSION = YES;
				CLANG_WARN_INFINITE_RECURSION = YES;
				CLANG_WARN_INT_CONVERSION = YES;
				CLANG_WARN_NON_LITERAL_NULL_CONVERSION = YES;
				CLANG_WARN_OBJC_IMPLICIT_RETAIN_SELF = YES;
				CLANG_WARN_OBJC_LITERAL_CONVERSION = YES;
				CLANG_WARN_OBJC_ROOT_CLASS = YES_ERROR;
				CLANG_WARN_QUOTED_INCLUDE_IN_FRAMEWORK_HEADER = YES;
				CLANG_WARN_RANGE_LOOP_ANALYSIS = YES;
				CLANG_WARN_STRICT_PROTOTYPES = YES;
				CLANG_WARN_SUSPICIOUS_MOVE = YES;
				CLANG_WARN_UNGUARDED_AVAILABILITY = YES_AGGRESSIVE;
				CLANG_WARN_UNREACHABLE_CODE = YES;
				CLANG_WARN__DUPLICATE_METHOD_MATCH = YES;
				COPY_PHASE_STRIP = NO;
				DEBUG_INFORMATION_FORMAT = "dwarf-with-dsym";
				ENABLE_NS_ASSERTIONS = NO;
				ENABLE_STRICT_OBJC_MSGSEND = YES;
				GCC_C_LANGUAGE_STANDARD = gnu11;
				GCC_NO_COMMON_BLOCKS = YES;
				GCC_WARN_64_TO_32_BIT_CONVERSION = YES;
				GCC_WARN_ABOUT_RETURN_TYPE = YES_ERROR;
				GCC_WARN_UNDECLARED_SELECTOR = YES;
				GCC_WARN_UNINITIALIZED_AUTOS = YES_AGGRESSIVE;
				GCC_WARN_UNUSED_FUNCTION = YES;
				GCC_WARN_UNUSED_VARIABLE = YES;
				IPHONEOS_DEPLOYMENT_TARGET = 14.4;
				MTL_ENABLE_DEBUG_INFO = NO;
				MTL_FAST_MATH = YES;
				SDKROOT = iphoneos;
				SWIFT_COMPILATION_MODE = wholemodule;
				SWIFT_OPTIMIZATION_LEVEL = "-O";
				VALIDATE_PRODUCT = YES;
			};
			name = Release;
		};
		62FFC979260EF008001B0588 /* Debug */ = {
			isa = XCBuildConfiguration;
			buildSettings = {
				ASSETCATALOG_COMPILER_APPICON_NAME = AppIcon;
				ASSETCATALOG_COMPILER_GLOBAL_ACCENT_COLOR_NAME = AccentColor;
				CODE_SIGN_STYLE = Automatic;
				DEVELOPMENT_TEAM = 7UN4YDYUNW;
				INFOPLIST_FILE = BancaViper/Info.plist;
				LD_RUNPATH_SEARCH_PATHS = (
					"$(inherited)",
					"@executable_path/Frameworks",
				);
				PRODUCT_BUNDLE_IDENTIFIER = irwin.bravo.oporto.BancaViper;
				PRODUCT_NAME = "$(TARGET_NAME)";
				SWIFT_VERSION = 5.0;
				TARGETED_DEVICE_FAMILY = "1,2";
			};
			name = Debug;
		};
		62FFC97A260EF008001B0588 /* Release */ = {
			isa = XCBuildConfiguration;
			buildSettings = {
				ASSETCATALOG_COMPILER_APPICON_NAME = AppIcon;
				ASSETCATALOG_COMPILER_GLOBAL_ACCENT_COLOR_NAME = AccentColor;
				CODE_SIGN_STYLE = Automatic;
				DEVELOPMENT_TEAM = 7UN4YDYUNW;
				INFOPLIST_FILE = BancaViper/Info.plist;
				LD_RUNPATH_SEARCH_PATHS = (
					"$(inherited)",
					"@executable_path/Frameworks",
				);
				PRODUCT_BUNDLE_IDENTIFIER = irwin.bravo.oporto.BancaViper;
				PRODUCT_NAME = "$(TARGET_NAME)";
				SWIFT_VERSION = 5.0;
				TARGETED_DEVICE_FAMILY = "1,2";
			};
			name = Release;
		};
		62FFC97C260EF008001B0588 /* Debug */ = {
			isa = XCBuildConfiguration;
			buildSettings = {
				ALWAYS_EMBED_SWIFT_STANDARD_LIBRARIES = YES;
				BUNDLE_LOADER = "$(TEST_HOST)";
				CODE_SIGN_STYLE = Automatic;
				DEVELOPMENT_TEAM = 7UN4YDYUNW;
				INFOPLIST_FILE = BancaViperTests/Info.plist;
				IPHONEOS_DEPLOYMENT_TARGET = 14.4;
				LD_RUNPATH_SEARCH_PATHS = (
					"$(inherited)",
					"@executable_path/Frameworks",
					"@loader_path/Frameworks",
				);
				PRODUCT_BUNDLE_IDENTIFIER = irwin.bravo.oporto.BancaViperTests;
				PRODUCT_NAME = "$(TARGET_NAME)";
				SWIFT_VERSION = 5.0;
				TARGETED_DEVICE_FAMILY = "1,2";
				TEST_HOST = "$(BUILT_PRODUCTS_DIR)/BancaViper.app/BancaViper";
			};
			name = Debug;
		};
		62FFC97D260EF008001B0588 /* Release */ = {
			isa = XCBuildConfiguration;
			buildSettings = {
				ALWAYS_EMBED_SWIFT_STANDARD_LIBRARIES = YES;
				BUNDLE_LOADER = "$(TEST_HOST)";
				CODE_SIGN_STYLE = Automatic;
				DEVELOPMENT_TEAM = 7UN4YDYUNW;
				INFOPLIST_FILE = BancaViperTests/Info.plist;
				IPHONEOS_DEPLOYMENT_TARGET = 14.4;
				LD_RUNPATH_SEARCH_PATHS = (
					"$(inherited)",
					"@executable_path/Frameworks",
					"@loader_path/Frameworks",
				);
				PRODUCT_BUNDLE_IDENTIFIER = irwin.bravo.oporto.BancaViperTests;
				PRODUCT_NAME = "$(TARGET_NAME)";
				SWIFT_VERSION = 5.0;
				TARGETED_DEVICE_FAMILY = "1,2";
				TEST_HOST = "$(BUILT_PRODUCTS_DIR)/BancaViper.app/BancaViper";
			};
			name = Release;
		};
		62FFC97F260EF008001B0588 /* Debug */ = {
			isa = XCBuildConfiguration;
			buildSettings = {
				ALWAYS_EMBED_SWIFT_STANDARD_LIBRARIES = YES;
				CODE_SIGN_STYLE = Automatic;
				DEVELOPMENT_TEAM = 7UN4YDYUNW;
				INFOPLIST_FILE = BancaViperUITests/Info.plist;
				LD_RUNPATH_SEARCH_PATHS = (
					"$(inherited)",
					"@executable_path/Frameworks",
					"@loader_path/Frameworks",
				);
				PRODUCT_BUNDLE_IDENTIFIER = irwin.bravo.oporto.BancaViperUITests;
				PRODUCT_NAME = "$(TARGET_NAME)";
				SWIFT_VERSION = 5.0;
				TARGETED_DEVICE_FAMILY = "1,2";
				TEST_TARGET_NAME = BancaViper;
			};
			name = Debug;
		};
		62FFC980260EF008001B0588 /* Release */ = {
			isa = XCBuildConfiguration;
			buildSettings = {
				ALWAYS_EMBED_SWIFT_STANDARD_LIBRARIES = YES;
				CODE_SIGN_STYLE = Automatic;
				DEVELOPMENT_TEAM = 7UN4YDYUNW;
				INFOPLIST_FILE = BancaViperUITests/Info.plist;
				LD_RUNPATH_SEARCH_PATHS = (
					"$(inherited)",
					"@executable_path/Frameworks",
					"@loader_path/Frameworks",
				);
				PRODUCT_BUNDLE_IDENTIFIER = irwin.bravo.oporto.BancaViperUITests;
				PRODUCT_NAME = "$(TARGET_NAME)";
				SWIFT_VERSION = 5.0;
				TARGETED_DEVICE_FAMILY = "1,2";
				TEST_TARGET_NAME = BancaViper;
			};
			name = Release;
		};
/* End XCBuildConfiguration section */

/* Begin XCConfigurationList section */
		62FFC949260EF007001B0588 /* Build configuration list for PBXProject "BancaViper" */ = {
			isa = XCConfigurationList;
			buildConfigurations = (
				62FFC976260EF008001B0588 /* Debug */,
				62FFC977260EF008001B0588 /* Release */,
			);
			defaultConfigurationIsVisible = 0;
			defaultConfigurationName = Release;
		};
		62FFC978260EF008001B0588 /* Build configuration list for PBXNativeTarget "BancaViper" */ = {
			isa = XCConfigurationList;
			buildConfigurations = (
				62FFC979260EF008001B0588 /* Debug */,
				62FFC97A260EF008001B0588 /* Release */,
			);
			defaultConfigurationIsVisible = 0;
			defaultConfigurationName = Release;
		};
		62FFC97B260EF008001B0588 /* Build configuration list for PBXNativeTarget "BancaViperTests" */ = {
			isa = XCConfigurationList;
			buildConfigurations = (
				62FFC97C260EF008001B0588 /* Debug */,
				62FFC97D260EF008001B0588 /* Release */,
			);
			defaultConfigurationIsVisible = 0;
			defaultConfigurationName = Release;
		};
		62FFC97E260EF008001B0588 /* Build configuration list for PBXNativeTarget "BancaViperUITests" */ = {
			isa = XCConfigurationList;
			buildConfigurations = (
				62FFC97F260EF008001B0588 /* Debug */,
				62FFC980260EF008001B0588 /* Release */,
			);
			defaultConfigurationIsVisible = 0;
			defaultConfigurationName = Release;
		};
/* End XCConfigurationList section */
	};
	rootObject = 62FFC946260EF007001B0588 /* Project object */;
}
